
Microsoft Visual Studio Solution File, Format Version 12.00
# Visual Studio Version 17
VisualStudioVersion = 17.13.35806.99 d17.13
MinimumVisualStudioVersion = 10.0.40219.1
Project("{FAE04EC0-301F-11D3-BF4B-00C04F79EFBC}") = "FixAudioDG", "FixAudioDG\FixAudioDG.csproj", "{058F618C-C971-4C02-A270-38928C1E8E0B}"
EndProject
Global
	GlobalSection(SolutionConfigurationPlatforms) = preSolution
		Debug|Any CPU = Debug|Any CPU
		Release|Any CPU = Release|Any CPU
	EndGlobalSection
	GlobalSection(ProjectConfigurationPlatforms) = postSolution
		{058F618C-C971-4C02-A270-38928C1E8E0B}.Debug|Any CPU.ActiveCfg = Debug|Any CPU
		{058F618C-C971-4C02-A270-38928C1E8E0B}.Debug|Any CPU.Build.0 = Debug|Any CPU
		{058F618C-C971-4C02-A270-38928C1E8E0B}.Release|Any CPU.ActiveCfg = Release|Any CPU
		{058F618C-C971-4C02-A270-38928C1E8E0B}.Release|Any CPU.Build.0 = Release|Any CPU
	EndGlobalSection
	GlobalSection(SolutionProperties) = preSolution
		HideSolutionNode = FALSE
	EndGlobalSection
	GlobalSection(ExtensibilityGlobals) = postSolution
		SolutionGuid = {77082EF8-56FD-4474-AA01-40EC7E1BE36C}
	EndGlobalSection
EndGlobal
